// !$*UTF8*$!
{
	archiveVersion = 1;
	classes = {
	};
	objectVersion = 50;
	objects = {

/* Begin PBXBuildFile section */
		EBA99CD420A52D49003297D1 /* main.cpp in Sources */ = {isa = PBXBuildFile; fileRef = EBA99CD320A52D49003297D1 /* main.cpp */; };
		EBA99CDC20A52D6A003297D1 /* Account.cpp in Sources */ = {isa = PBXBuildFile; fileRef = EBA99CDA20A52D6A003297D1 /* Account.cpp */; };
		EBA99CDF20A52D7B003297D1 /* Savings_Account.cpp in Sources */ = {isa = PBXBuildFile; fileRef = EBA99CDD20A52D7B003297D1 /* Savings_Account.cpp */; };
		EBA99CE220A535DF003297D1 /* Account_Util.cpp in Sources */ = {isa = PBXBuildFile; fileRef = EBA99CE020A535DF003297D1 /* Account_Util.cpp */; };
		EBA99CE520A5569E003297D1 /* Checking_Account.cpp in Sources */ = {isa = PBXBuildFile; fileRef = EBA99CE320A5569E003297D1 /* Checking_Account.cpp */; };
		EBA99CE820A55E6B003297D1 /* Trust_Account.cpp in Sources */ = {isa = PBXBuildFile; fileRef = EBA99CE620A55E6B003297D1 /* Trust_Account.cpp */; };
/* End PBXBuildFile section */

/* Begin PBXContainerItemProxy section */
		EBB9569C20A84F9A005726EA /* PBXContainerItemProxy */ = {
			isa = PBXContainerItemProxy;
			containerPortal = EBB9569820A84F99005726EA /* AbstractClasses.xcodeproj */;
			proxyType = 2;
			remoteGlobalIDString = EBB9568E20A84F99005726EA;
			remoteInfo = AbstractClasses;
		};
/* End PBXContainerItemProxy section */

/* Begin PBXCopyFilesBuildPhase section */
		EBA99CCE20A52D49003297D1 /* CopyFiles */ = {
			isa = PBXCopyFilesBuildPhase;
			buildActionMask = 2147483647;
			dstPath = /usr/share/man/man1/;
			dstSubfolderSpec = 0;
			files = (
			);
			runOnlyForDeploymentPostprocessing = 1;
		};
/* End PBXCopyFilesBuildPhase section */

/* Begin PBXFileReference section */
		EBA99CD020A52D49003297D1 /* BaseClassPointer */ = {isa = PBXFileReference; explicitFileType = "compiled.mach-o.executable"; includeInIndex = 0; path = BaseClassPointer; sourceTree = BUILT_PRODUCTS_DIR; };
		EBA99CD320A52D49003297D1 /* main.cpp */ = {isa = PBXFileReference; lastKnownFileType = sourcecode.cpp.cpp; path = main.cpp; sourceTree = "<group>"; };
		EBA99CDA20A52D6A003297D1 /* Account.cpp */ = {isa = PBXFileReference; lastKnownFileType = sourcecode.cpp.cpp; path = Account.cpp; sourceTree = "<group>"; };
		EBA99CDB20A52D6A003297D1 /* Account.hpp */ = {isa = PBXFileReference; lastKnownFileType = sourcecode.cpp.h; path = Account.hpp; sourceTree = "<group>"; };
		EBA99CDD20A52D7B003297D1 /* Savings_Account.cpp */ = {isa = PBXFileReference; lastKnownFileType = sourcecode.cpp.cpp; path = Savings_Account.cpp; sourceTree = "<group>"; };
		EBA99CDE20A52D7B003297D1 /* Savings_Account.hpp */ = {isa = PBXFileReference; lastKnownFileType = sourcecode.cpp.h; path = Savings_Account.hpp; sourceTree = "<group>"; };
		EBA99CE020A535DF003297D1 /* Account_Util.cpp */ = {isa = PBXFileReference; lastKnownFileType = sourcecode.cpp.cpp; path = Account_Util.cpp; sourceTree = "<group>"; };
		EBA99CE120A535DF003297D1 /* Account_Util.hpp */ = {isa = PBXFileReference; lastKnownFileType = sourcecode.cpp.h; path = Account_Util.hpp; sourceTree = "<group>"; };
		EBA99CE320A5569E003297D1 /* Checking_Account.cpp */ = {isa = PBXFileReference; lastKnownFileType = sourcecode.cpp.cpp; path = Checking_Account.cpp; sourceTree = "<group>"; };
		EBA99CE420A5569E003297D1 /* Checking_Account.hpp */ = {isa = PBXFileReference; lastKnownFileType = sourcecode.cpp.h; path = Checking_Account.hpp; sourceTree = "<group>"; };
		EBA99CE620A55E6B003297D1 /* Trust_Account.cpp */ = {isa = PBXFileReference; lastKnownFileType = sourcecode.cpp.cpp; path = Trust_Account.cpp; sourceTree = "<group>"; };
		EBA99CE720A55E6B003297D1 /* Trust_Account.hpp */ = {isa = PBXFileReference; lastKnownFileType = sourcecode.cpp.h; path = Trust_Account.hpp; sourceTree = "<group>"; };
		EBB9569820A84F99005726EA /* AbstractClasses.xcodeproj */ = {isa = PBXFileReference; lastKnownFileType = "wrapper.pb-project"; name = AbstractClasses.xcodeproj; path = ../AbstractClasses/AbstractClasses.xcodeproj; sourceTree = "<group>"; };
/* End PBXFileReference section */

/* Begin PBXFrameworksBuildPhase section */
		EBA99CCD20A52D49003297D1 /* Frameworks */ = {
			isa = PBXFrameworksBuildPhase;
			buildActionMask = 2147483647;
			files = (
			);
			runOnlyForDeploymentPostprocessing = 0;
		};
/* End PBXFrameworksBuildPhase section */

/* Begin PBXGroup section */
		EBA99CC720A52D49003297D1 = {
			isa = PBXGroup;
			children = (
				EBB9569820A84F99005726EA /* AbstractClasses.xcodeproj */,
				EBA99CD220A52D49003297D1 /* BaseClassPointer */,
				EBA99CD120A52D49003297D1 /* Products */,
			);
			sourceTree = "<group>";
		};
		EBA99CD120A52D49003297D1 /* Products */ = {
			isa = PBXGroup;
			children = (
				EBA99CD020A52D49003297D1 /* BaseClassPointer */,
			);
			name = Products;
			sourceTree = "<group>";
		};
		EBA99CD220A52D49003297D1 /* BaseClassPointer */ = {
			isa = PBXGroup;
			children = (
				EBA99CE320A5569E003297D1 /* Checking_Account.cpp */,
				EBA99CE420A5569E003297D1 /* Checking_Account.hpp */,
				EBA99CE620A55E6B003297D1 /* Trust_Account.cpp */,
				EBA99CE720A55E6B003297D1 /* Trust_Account.hpp */,
				EBA99CD320A52D49003297D1 /* main.cpp */,
				EBA99CDA20A52D6A003297D1 /* Account.cpp */,
				EBA99CDB20A52D6A003297D1 /* Account.hpp */,
				EBA99CDD20A52D7B003297D1 /* Savings_Account.cpp */,
				EBA99CDE20A52D7B003297D1 /* Savings_Account.hpp */,
				EBA99CE020A535DF003297D1 /* Account_Util.cpp */,
				EBA99CE120A535DF003297D1 /* Account_Util.hpp */,
			);
			path = BaseClassPointer;
			sourceTree = "<group>";
		};
		EBB9569920A84F99005726EA /* Products */ = {
			isa = PBXGroup;
			children = (
				EBB9569D20A84F9A005726EA /* AbstractClasses */,
			);
			name = Products;
			sourceTree = "<group>";
		};
/* End PBXGroup section */

/* Begin PBXNativeTarget section */
		EBA99CCF20A52D49003297D1 /* Section15Challenge */ = {
			isa = PBXNativeTarget;
			buildConfigurationList = EBA99CD720A52D49003297D1 /* Build configuration list for PBXNativeTarget "Section15Challenge" */;
			buildPhases = (
				EBA99CCC20A52D49003297D1 /* Sources */,
				EBA99CCD20A52D49003297D1 /* Frameworks */,
				EBA99CCE20A52D49003297D1 /* CopyFiles */,
			);
			buildRules = (
			);
			dependencies = (
			);
			name = Section15Challenge;
			productName = Section15Challenge;
			productReference = EBA99CD020A52D49003297D1 /* BaseClassPointer */;
			productType = "com.apple.product-type.tool";
		};
/* End PBXNativeTarget section */

/* Begin PBXProject section */
		EBA99CC820A52D49003297D1 /* Project object */ = {
			isa = PBXProject;
			attributes = {
				KnownAssetTags = (
					New,
				);
				LastUpgradeCheck = 0930;
				ORGANIZATIONNAME = sfujimoto;
				TargetAttributes = {
					EBA99CCF20A52D49003297D1 = {
						CreatedOnToolsVersion = 9.3;
					};
				};
			};
			buildConfigurationList = EBA99CCB20A52D49003297D1 /* Build configuration list for PBXProject "BaseClassPointer" */;
			compatibilityVersion = "Xcode 9.3";
			developmentRegion = en;
			hasScannedForEncodings = 0;
			knownRegions = (
				en,
			);
			mainGroup = EBA99CC720A52D49003297D1;
			productRefGroup = EBA99CD120A52D49003297D1 /* Products */;
			projectDirPath = "";
			projectReferences = (
				{
					ProductGroup = EBB9569920A84F99005726EA /* Products */;
					ProjectRef = EBB9569820A84F99005726EA /* AbstractClasses.xcodeproj */;
				},
			);
			projectRoot = "";
			targets = (
				EBA99CCF20A52D49003297D1 /* Section15Challenge */,
			);
		};
/* End PBXProject section */

/* Begin PBXReferenceProxy section */
		EBB9569D20A84F9A005726EA /* AbstractClasses */ = {
			isa = PBXReferenceProxy;
			fileType = "compiled.mach-o.executable";
			path = AbstractClasses;
			remoteRef = EBB9569C20A84F9A005726EA /* PBXContainerItemProxy */;
			sourceTree = BUILT_PRODUCTS_DIR;
		};
/* End PBXReferenceProxy section */

/* Begin PBXSourcesBuildPhase section */
		EBA99CCC20A52D49003297D1 /* Sources */ = {
			isa = PBXSourcesBuildPhase;
			buildActionMask = 2147483647;
			files = (
				EBA99CE520A5569E003297D1 /* Checking_Account.cpp in Sources */,
				EBA99CDF20A52D7B003297D1 /* Savings_Account.cpp in Sources */,
				EBA99CD420A52D49003297D1 /* main.cpp in Sources */,
				EBA99CDC20A52D6A003297D1 /* Account.cpp in Sources */,
				EBA99CE820A55E6B003297D1 /* Trust_Account.cpp in Sources */,
				EBA99CE220A535DF003297D1 /* Account_Util.cpp in Sources */,
			);
			runOnlyForDeploymentPostprocessing = 0;
		};
/* End PBXSourcesBuildPhase section */

/* Begin XCBuildConfiguration section */
		EBA99CD520A52D49003297D1 /* Debug */ = {
			isa = XCBuildConfiguration;
			buildSettings = {
				ALWAYS_SEARCH_USER_PATHS = NO;
				CLANG_ANALYZER_NONNULL = YES;
				CLANG_ANALYZER_NUMBER_OBJECT_CONVERSION = YES_AGGRESSIVE;
				CLANG_CXX_LANGUAGE_STANDARD = "gnu++14";
				CLANG_CXX_LIBRARY = "libc++";
				CLANG_ENABLE_MODULES = YES;
				CLANG_ENABLE_OBJC_ARC = YES;
				CLANG_ENABLE_OBJC_WEAK = YES;
				CLANG_WARN_BLOCK_CAPTURE_AUTORELEASING = YES;
				CLANG_WARN_BOOL_CONVERSION = YES;
				CLANG_WARN_COMMA = YES;
				CLANG_WARN_CONSTANT_CONVERSION = YES;
				CLANG_WARN_DEPRECATED_OBJC_IMPLEMENTATIONS = YES;
				CLANG_WARN_DIRECT_OBJC_ISA_USAGE = YES_ERROR;
				CLANG_WARN_DOCUMENTATION_COMMENTS = YES;
				CLANG_WARN_EMPTY_BODY = YES;
				CLANG_WARN_ENUM_CONVERSION = YES;
				CLANG_WARN_INFINITE_RECURSION = YES;
				CLANG_WARN_INT_CONVERSION = YES;
				CLANG_WARN_NON_LITERAL_NULL_CONVERSION = YES;
				CLANG_WARN_OBJC_IMPLICIT_RETAIN_SELF = YES;
				CLANG_WARN_OBJC_LITERAL_CONVERSION = YES;
				CLANG_WARN_OBJC_ROOT_CLASS = YES_ERROR;
				CLANG_WARN_RANGE_LOOP_ANALYSIS = YES;
				CLANG_WARN_STRICT_PROTOTYPES = YES;
				CLANG_WARN_SUSPICIOUS_MOVE = YES;
				CLANG_WARN_UNGUARDED_AVAILABILITY = YES_AGGRESSIVE;
				CLANG_WARN_UNREACHABLE_CODE = YES;
				CLANG_WARN__DUPLICATE_METHOD_MATCH = YES;
				CODE_SIGN_IDENTITY = "-";
				COPY_PHASE_STRIP = NO;
				DEBUG_INFORMATION_FORMAT = dwarf;
				ENABLE_STRICT_OBJC_MSGSEND = YES;
				ENABLE_TESTABILITY = YES;
				GCC_C_LANGUAGE_STANDARD = gnu11;
				GCC_DYNAMIC_NO_PIC = NO;
				GCC_NO_COMMON_BLOCKS = YES;
				GCC_OPTIMIZATION_LEVEL = 0;
				GCC_PREPROCESSOR_DEFINITIONS = (
					"DEBUG=1",
					"$(inherited)",
				);
				GCC_WARN_64_TO_32_BIT_CONVERSION = YES;
				GCC_WARN_ABOUT_RETURN_TYPE = YES_ERROR;
				GCC_WARN_UNDECLARED_SELECTOR = YES;
				GCC_WARN_UNINITIALIZED_AUTOS = YES_AGGRESSIVE;
				GCC_WARN_UNUSED_FUNCTION = YES;
				GCC_WARN_UNUSED_VARIABLE = YES;
				MACOSX_DEPLOYMENT_TARGET = 10.13;
				MTL_ENABLE_DEBUG_INFO = YES;
				ONLY_ACTIVE_ARCH = YES;
				SDKROOT = macosx;
			};
			name = Debug;
		};
		EBA99CD620A52D49003297D1 /* Release */ = {
			isa = XCBuildConfiguration;
			buildSettings = {
				ALWAYS_SEARCH_USER_PATHS = NO;
				CLANG_ANALYZER_NONNULL = YES;
				CLANG_ANALYZER_NUMBER_OBJECT_CONVERSION = YES_AGGRESSIVE;
				CLANG_CXX_LANGUAGE_STANDARD = "gnu++14";
				CLANG_CXX_LIBRARY = "libc++";
				CLANG_ENABLE_MODULES = YES;
				CLANG_ENABLE_OBJC_ARC = YES;
				CLANG_ENABLE_OBJC_WEAK = YES;
				CLANG_WARN_BLOCK_CAPTURE_AUTORELEASING = YES;
				CLANG_WARN_BOOL_CONVERSION = YES;
				CLANG_WARN_COMMA = YES;
				CLANG_WARN_CONSTANT_CONVERSION = YES;
				CLANG_WARN_DEPRECATED_OBJC_IMPLEMENTATIONS = YES;
				CLANG_WARN_DIRECT_OBJC_ISA_USAGE = YES_ERROR;
				CLANG_WARN_DOCUMENTATION_COMMENTS = YES;
				CLANG_WARN_EMPTY_BODY = YES;
				CLANG_WARN_ENUM_CONVERSION = YES;
				CLANG_WARN_INFINITE_RECURSION = YES;
				CLANG_WARN_INT_CONVERSION = YES;
				CLANG_WARN_NON_LITERAL_NULL_CONVERSION = YES;
				CLANG_WARN_OBJC_IMPLICIT_RETAIN_SELF = YES;
				CLANG_WARN_OBJC_LITERAL_CONVERSION = YES;
				CLANG_WARN_OBJC_ROOT_CLASS = YES_ERROR;
				CLANG_WARN_RANGE_LOOP_ANALYSIS = YES;
				CLANG_WARN_STRICT_PROTOTYPES = YES;
				CLANG_WARN_SUSPICIOUS_MOVE = YES;
				CLANG_WARN_UNGUARDED_AVAILABILITY = YES_AGGRESSIVE;
				CLANG_WARN_UNREACHABLE_CODE = YES;
				CLANG_WARN__DUPLICATE_METHOD_MATCH = YES;
				CODE_SIGN_IDENTITY = "-";
				COPY_PHASE_STRIP = NO;
				DEBUG_INFORMATION_FORMAT = "dwarf-with-dsym";
				ENABLE_NS_ASSERTIONS = NO;
				ENABLE_STRICT_OBJC_MSGSEND = YES;
				GCC_C_LANGUAGE_STANDARD = gnu11;
				GCC_NO_COMMON_BLOCKS = YES;
				GCC_WARN_64_TO_32_BIT_CONVERSION = YES;
				GCC_WARN_ABOUT_RETURN_TYPE = YES_ERROR;
				GCC_WARN_UNDECLARED_SELECTOR = YES;
				GCC_WARN_UNINITIALIZED_AUTOS = YES_AGGRESSIVE;
				GCC_WARN_UNUSED_FUNCTION = YES;
				GCC_WARN_UNUSED_VARIABLE = YES;
				MACOSX_DEPLOYMENT_TARGET = 10.13;
				MTL_ENABLE_DEBUG_INFO = NO;
				SDKROOT = macosx;
			};
			name = Release;
		};
		EBA99CD820A52D49003297D1 /* Debug */ = {
			isa = XCBuildConfiguration;
			buildSettings = {
				CODE_SIGN_STYLE = Automatic;
				PRODUCT_NAME = BaseClassPointer;
			};
			name = Debug;
		};
		EBA99CD920A52D49003297D1 /* Release */ = {
			isa = XCBuildConfiguration;
			buildSettings = {
				CODE_SIGN_STYLE = Automatic;
				PRODUCT_NAME = BaseClassPointer;
			};
			name = Release;
		};
/* End XCBuildConfiguration section */

/* Begin XCConfigurationList section */
		EBA99CCB20A52D49003297D1 /* Build configuration list for PBXProject "BaseClassPointer" */ = {
			isa = XCConfigurationList;
			buildConfigurations = (
				EBA99CD520A52D49003297D1 /* Debug */,
				EBA99CD620A52D49003297D1 /* Release */,
			);
			defaultConfigurationIsVisible = 0;
			defaultConfigurationName = Release;
		};
		EBA99CD720A52D49003297D1 /* Build configuration list for PBXNativeTarget "Section15Challenge" */ = {
			isa = XCConfigurationList;
			buildConfigurations = (
				EBA99CD820A52D49003297D1 /* Debug */,
				EBA99CD920A52D49003297D1 /* Release */,
			);
			defaultConfigurationIsVisible = 0;
			defaultConfigurationName = Release;
		};
/* End XCConfigurationList section */
	};
	rootObject = EBA99CC820A52D49003297D1 /* Project object */;
}
